
Microsoft Visual Studio Solution File, Format Version 12.00
# Visual Studio Version 16
VisualStudioVersion = 16.0.809.5
MinimumVisualStudioVersion = 10.0.40219.1
Project("{FAE04EC0-301F-11D3-BF4B-00C04F79EFBC}") = "CreditRiskBackendChallenge", "CreditRiskBackendChallenge.csproj", "{48D72BA7-6486-4BA7-ABB3-3F36208077D9}"
EndProject
Global
	GlobalSection(SolutionConfigurationPlatforms) = preSolution
		Debug|Any CPU = Debug|Any CPU
		Release|Any CPU = Release|Any CPU
	EndGlobalSection
	GlobalSection(ProjectConfigurationPlatforms) = postSolution
		{48D72BA7-6486-4BA7-ABB3-3F36208077D9}.Debug|Any CPU.ActiveCfg = Debug|Any CPU
		{48D72BA7-6486-4BA7-ABB3-3F36208077D9}.Debug|Any CPU.Build.0 = Debug|Any CPU
		{48D72BA7-6486-4BA7-ABB3-3F36208077D9}.Release|Any CPU.ActiveCfg = Release|Any CPU
		{48D72BA7-6486-4BA7-ABB3-3F36208077D9}.Release|Any CPU.Build.0 = Release|Any CPU
	EndGlobalSection
	GlobalSection(SolutionProperties) = preSolution
		HideSolutionNode = FALSE
	EndGlobalSection
	GlobalSection(ExtensibilityGlobals) = postSolution
		SolutionGuid = {DB5D0276-1134-4578-B3C0-0E06D935C124}
	EndGlobalSection
EndGlobal
